github.com/ha1tch/zen80 v0.1.0 h1:re1VrLqVlSFd/YChx5exKdTMR4nGvTI6azoQ+WRRPK8=
github.com/ha1tch/zen80 v0.1.0/go.mod h1:Mj5UUcXYb71y+t7rPY7Vs1/oBB3eN8yzwvQg+vLjoiU=
github.com/ha1tch/zentools v0.2.0 h1:yx0GBrG/oysIa3DjileiqVDvmocKbHqpDoPdSPN1w6E=
github.com/ha1tch/zentools v0.2.0/go.mod h1:LHsdG9KLRmmQSTniIvN0wGCZ5twRtKDqqax62gmfw0c=
